// !$*UTF8*$!
{
	archiveVersion = 1;
	classes = {
	};
	objectVersion = 50;
	objects = {

/* Begin PBXBuildFile section */
		4407B2B522B7805C00D3E3BC /* AppDelegate.swift in Sources */ = {isa = PBXBuildFile; fileRef = 4407B2B422B7805C00D3E3BC /* AppDelegate.swift */; };
		4407B2B722B7805C00D3E3BC /* ViewController.swift in Sources */ = {isa = PBXBuildFile; fileRef = 4407B2B622B7805C00D3E3BC /* ViewController.swift */; };
		4407B2BA22B7805C00D3E3BC /* Main.storyboard in Resources */ = {isa = PBXBuildFile; fileRef = 4407B2B822B7805C00D3E3BC /* Main.storyboard */; };
		4407B2BC22B7806100D3E3BC /* Assets.xcassets in Resources */ = {isa = PBXBuildFile; fileRef = 4407B2BB22B7806100D3E3BC /* Assets.xcassets */; };
		4407B2BF22B7806100D3E3BC /* LaunchScreen.storyboard in Resources */ = {isa = PBXBuildFile; fileRef = 4407B2BD22B7806100D3E3BC /* LaunchScreen.storyboard */; };
		4407B2CA22B7806100D3E3BC /* DataStructureAndAlgorithm_iOSTests.swift in Sources */ = {isa = PBXBuildFile; fileRef = 4407B2C922B7806100D3E3BC /* DataStructureAndAlgorithm_iOSTests.swift */; };
		4407B2D522B7806100D3E3BC /* DataStructureAndAlgorithm_iOSUITests.swift in Sources */ = {isa = PBXBuildFile; fileRef = 4407B2D422B7806100D3E3BC /* DataStructureAndAlgorithm_iOSUITests.swift */; };
		4407B2E322B7818200D3E3BC /* PrimeNumberAndFactors.swift in Sources */ = {isa = PBXBuildFile; fileRef = 4407B2E222B7818200D3E3BC /* PrimeNumberAndFactors.swift */; };
		4407B2E522B7823700D3E3BC /* PrimeNumbers.swift in Sources */ = {isa = PBXBuildFile; fileRef = 4407B2E422B7823700D3E3BC /* PrimeNumbers.swift */; };
		4407B2E622B7823700D3E3BC /* PrimeNumbers.swift in Sources */ = {isa = PBXBuildFile; fileRef = 4407B2E422B7823700D3E3BC /* PrimeNumbers.swift */; };
/* End PBXBuildFile section */

/* Begin PBXContainerItemProxy section */
		4407B2C622B7806100D3E3BC /* PBXContainerItemProxy */ = {
			isa = PBXContainerItemProxy;
			containerPortal = 4407B2A922B7805C00D3E3BC /* Project object */;
			proxyType = 1;
			remoteGlobalIDString = 4407B2B022B7805C00D3E3BC;
			remoteInfo = DataStructureAndAlgorithm_iOS;
		};
		4407B2D122B7806100D3E3BC /* PBXContainerItemProxy */ = {
			isa = PBXContainerItemProxy;
			containerPortal = 4407B2A922B7805C00D3E3BC /* Project object */;
			proxyType = 1;
			remoteGlobalIDString = 4407B2B022B7805C00D3E3BC;
			remoteInfo = DataStructureAndAlgorithm_iOS;
		};
/* End PBXContainerItemProxy section */

/* Begin PBXFileReference section */
		4407B2B122B7805C00D3E3BC /* DataStructureAndAlgorithm_iOS.app */ = {isa = PBXFileReference; explicitFileType = wrapper.application; includeInIndex = 0; path = DataStructureAndAlgorithm_iOS.app; sourceTree = BUILT_PRODUCTS_DIR; };
		4407B2B422B7805C00D3E3BC /* AppDelegate.swift */ = {isa = PBXFileReference; lastKnownFileType = sourcecode.swift; path = AppDelegate.swift; sourceTree = "<group>"; };
		4407B2B622B7805C00D3E3BC /* ViewController.swift */ = {isa = PBXFileReference; lastKnownFileType = sourcecode.swift; path = ViewController.swift; sourceTree = "<group>"; };
		4407B2B922B7805C00D3E3BC /* Base */ = {isa = PBXFileReference; lastKnownFileType = file.storyboard; name = Base; path = Base.lproj/Main.storyboard; sourceTree = "<group>"; };
		4407B2BB22B7806100D3E3BC /* Assets.xcassets */ = {isa = PBXFileReference; lastKnownFileType = folder.assetcatalog; path = Assets.xcassets; sourceTree = "<group>"; };
		4407B2BE22B7806100D3E3BC /* Base */ = {isa = PBXFileReference; lastKnownFileType = file.storyboard; name = Base; path = Base.lproj/LaunchScreen.storyboard; sourceTree = "<group>"; };
		4407B2C022B7806100D3E3BC /* Info.plist */ = {isa = PBXFileReference; lastKnownFileType = text.plist.xml; path = Info.plist; sourceTree = "<group>"; };
		4407B2C522B7806100D3E3BC /* DataStructureAndAlgorithm_iOSTests.xctest */ = {isa = PBXFileReference; explicitFileType = wrapper.cfbundle; includeInIndex = 0; path = DataStructureAndAlgorithm_iOSTests.xctest; sourceTree = BUILT_PRODUCTS_DIR; };
		4407B2C922B7806100D3E3BC /* DataStructureAndAlgorithm_iOSTests.swift */ = {isa = PBXFileReference; lastKnownFileType = sourcecode.swift; path = DataStructureAndAlgorithm_iOSTests.swift; sourceTree = "<group>"; };
		4407B2CB22B7806100D3E3BC /* Info.plist */ = {isa = PBXFileReference; lastKnownFileType = text.plist.xml; path = Info.plist; sourceTree = "<group>"; };
		4407B2D022B7806100D3E3BC /* DataStructureAndAlgorithm_iOSUITests.xctest */ = {isa = PBXFileReference; explicitFileType = wrapper.cfbundle; includeInIndex = 0; path = DataStructureAndAlgorithm_iOSUITests.xctest; sourceTree = BUILT_PRODUCTS_DIR; };
		4407B2D422B7806100D3E3BC /* DataStructureAndAlgorithm_iOSUITests.swift */ = {isa = PBXFileReference; lastKnownFileType = sourcecode.swift; path = DataStructureAndAlgorithm_iOSUITests.swift; sourceTree = "<group>"; };
		4407B2D622B7806100D3E3BC /* Info.plist */ = {isa = PBXFileReference; lastKnownFileType = text.plist.xml; path = Info.plist; sourceTree = "<group>"; };
		4407B2E222B7818200D3E3BC /* PrimeNumberAndFactors.swift */ = {isa = PBXFileReference; lastKnownFileType = sourcecode.swift; path = PrimeNumberAndFactors.swift; sourceTree = "<group>"; };
		4407B2E422B7823700D3E3BC /* PrimeNumbers.swift */ = {isa = PBXFileReference; lastKnownFileType = sourcecode.swift; path = PrimeNumbers.swift; sourceTree = "<group>"; };
/* End PBXFileReference section */

/* Begin PBXFrameworksBuildPhase section */
		4407B2AE22B7805C00D3E3BC /* Frameworks */ = {
			isa = PBXFrameworksBuildPhase;
			buildActionMask = 2147483647;
			files = (
			);
			runOnlyForDeploymentPostprocessing = 0;
		};
		4407B2C222B7806100D3E3BC /* Frameworks */ = {
			isa = PBXFrameworksBuildPhase;
			buildActionMask = 2147483647;
			files = (
			);
			runOnlyForDeploymentPostprocessing = 0;
		};
		4407B2CD22B7806100D3E3BC /* Frameworks */ = {
			isa = PBXFrameworksBuildPhase;
			buildActionMask = 2147483647;
			files = (
			);
			runOnlyForDeploymentPostprocessing = 0;
		};
/* End PBXFrameworksBuildPhase section */

/* Begin PBXGroup section */
		4407B2A822B7805C00D3E3BC = {
			isa = PBXGroup;
			children = (
				4407B2B322B7805C00D3E3BC /* DataStructureAndAlgorithm_iOS */,
				4407B2C822B7806100D3E3BC /* DataStructureAndAlgorithm_iOSTests */,
				4407B2D322B7806100D3E3BC /* DataStructureAndAlgorithm_iOSUITests */,
				4407B2B222B7805C00D3E3BC /* Products */,
			);
			sourceTree = "<group>";
		};
		4407B2B222B7805C00D3E3BC /* Products */ = {
			isa = PBXGroup;
			children = (
				4407B2B122B7805C00D3E3BC /* DataStructureAndAlgorithm_iOS.app */,
				4407B2C522B7806100D3E3BC /* DataStructureAndAlgorithm_iOSTests.xctest */,
				4407B2D022B7806100D3E3BC /* DataStructureAndAlgorithm_iOSUITests.xctest */,
			);
			name = Products;
			sourceTree = "<group>";
		};
		4407B2B322B7805C00D3E3BC /* DataStructureAndAlgorithm_iOS */ = {
			isa = PBXGroup;
			children = (
				4407B2B422B7805C00D3E3BC /* AppDelegate.swift */,
				4407B2B622B7805C00D3E3BC /* ViewController.swift */,
				4407B2B822B7805C00D3E3BC /* Main.storyboard */,
				4407B2BB22B7806100D3E3BC /* Assets.xcassets */,
				4407B2BD22B7806100D3E3BC /* LaunchScreen.storyboard */,
				4407B2C022B7806100D3E3BC /* Info.plist */,
				4407B2E422B7823700D3E3BC /* PrimeNumbers.swift */,
			);
			path = DataStructureAndAlgorithm_iOS;
			sourceTree = "<group>";
		};
		4407B2C822B7806100D3E3BC /* DataStructureAndAlgorithm_iOSTests */ = {
			isa = PBXGroup;
			children = (
				4407B2C922B7806100D3E3BC /* DataStructureAndAlgorithm_iOSTests.swift */,
				4407B2E222B7818200D3E3BC /* PrimeNumberAndFactors.swift */,
				4407B2CB22B7806100D3E3BC /* Info.plist */,
			);
			path = DataStructureAndAlgorithm_iOSTests;
			sourceTree = "<group>";
		};
		4407B2D322B7806100D3E3BC /* DataStructureAndAlgorithm_iOSUITests */ = {
			isa = PBXGroup;
			children = (
				4407B2D422B7806100D3E3BC /* DataStructureAndAlgorithm_iOSUITests.swift */,
				4407B2D622B7806100D3E3BC /* Info.plist */,
			);
			path = DataStructureAndAlgorithm_iOSUITests;
			sourceTree = "<group>";
		};
/* End PBXGroup section */

/* Begin PBXNativeTarget section */
		4407B2B022B7805C00D3E3BC /* DataStructureAndAlgorithm_iOS */ = {
			isa = PBXNativeTarget;
			buildConfigurationList = 4407B2D922B7806100D3E3BC /* Build configuration list for PBXNativeTarget "DataStructureAndAlgorithm_iOS" */;
			buildPhases = (
				4407B2AD22B7805C00D3E3BC /* Sources */,
				4407B2AE22B7805C00D3E3BC /* Frameworks */,
				4407B2AF22B7805C00D3E3BC /* Resources */,
			);
			buildRules = (
			);
			dependencies = (
			);
			name = DataStructureAndAlgorithm_iOS;
			productName = DataStructureAndAlgorithm_iOS;
			productReference = 4407B2B122B7805C00D3E3BC /* DataStructureAndAlgorithm_iOS.app */;
			productType = "com.apple.product-type.application";
		};
		4407B2C422B7806100D3E3BC /* DataStructureAndAlgorithm_iOSTests */ = {
			isa = PBXNativeTarget;
			buildConfigurationList = 4407B2DC22B7806100D3E3BC /* Build configuration list for PBXNativeTarget "DataStructureAndAlgorithm_iOSTests" */;
			buildPhases = (
				4407B2C122B7806100D3E3BC /* Sources */,
				4407B2C222B7806100D3E3BC /* Frameworks */,
				4407B2C322B7806100D3E3BC /* Resources */,
			);
			buildRules = (
			);
			dependencies = (
				4407B2C722B7806100D3E3BC /* PBXTargetDependency */,
			);
			name = DataStructureAndAlgorithm_iOSTests;
			productName = DataStructureAndAlgorithm_iOSTests;
			productReference = 4407B2C522B7806100D3E3BC /* DataStructureAndAlgorithm_iOSTests.xctest */;
			productType = "com.apple.product-type.bundle.unit-test";
		};
		4407B2CF22B7806100D3E3BC /* DataStructureAndAlgorithm_iOSUITests */ = {
			isa = PBXNativeTarget;
			buildConfigurationList = 4407B2DF22B7806100D3E3BC /* Build configuration list for PBXNativeTarget "DataStructureAndAlgorithm_iOSUITests" */;
			buildPhases = (
				4407B2CC22B7806100D3E3BC /* Sources */,
				4407B2CD22B7806100D3E3BC /* Frameworks */,
				4407B2CE22B7806100D3E3BC /* Resources */,
			);
			buildRules = (
			);
			dependencies = (
				4407B2D222B7806100D3E3BC /* PBXTargetDependency */,
			);
			name = DataStructureAndAlgorithm_iOSUITests;
			productName = DataStructureAndAlgorithm_iOSUITests;
			productReference = 4407B2D022B7806100D3E3BC /* DataStructureAndAlgorithm_iOSUITests.xctest */;
			productType = "com.apple.product-type.bundle.ui-testing";
		};
/* End PBXNativeTarget section */

/* Begin PBXProject section */
		4407B2A922B7805C00D3E3BC /* Project object */ = {
			isa = PBXProject;
			attributes = {
				LastSwiftUpdateCheck = 1010;
				LastUpgradeCheck = 1010;
				ORGANIZATIONNAME = fishTheData;
				TargetAttributes = {
					4407B2B022B7805C00D3E3BC = {
						CreatedOnToolsVersion = 10.1;
					};
					4407B2C422B7806100D3E3BC = {
						CreatedOnToolsVersion = 10.1;
						TestTargetID = 4407B2B022B7805C00D3E3BC;
					};
					4407B2CF22B7806100D3E3BC = {
						CreatedOnToolsVersion = 10.1;
						TestTargetID = 4407B2B022B7805C00D3E3BC;
					};
				};
			};
			buildConfigurationList = 4407B2AC22B7805C00D3E3BC /* Build configuration list for PBXProject "DataStructureAndAlgorithm_iOS" */;
			compatibilityVersion = "Xcode 9.3";
			developmentRegion = en;
			hasScannedForEncodings = 0;
			knownRegions = (
				en,
				Base,
			);
			mainGroup = 4407B2A822B7805C00D3E3BC;
			productRefGroup = 4407B2B222B7805C00D3E3BC /* Products */;
			projectDirPath = "";
			projectRoot = "";
			targets = (
				4407B2B022B7805C00D3E3BC /* DataStructureAndAlgorithm_iOS */,
				4407B2C422B7806100D3E3BC /* DataStructureAndAlgorithm_iOSTests */,
				4407B2CF22B7806100D3E3BC /* DataStructureAndAlgorithm_iOSUITests */,
			);
		};
/* End PBXProject section */

/* Begin PBXResourcesBuildPhase section */
		4407B2AF22B7805C00D3E3BC /* Resources */ = {
			isa = PBXResourcesBuildPhase;
			buildActionMask = 2147483647;
			files = (
				4407B2BF22B7806100D3E3BC /* LaunchScreen.storyboard in Resources */,
				4407B2BC22B7806100D3E3BC /* Assets.xcassets in Resources */,
				4407B2BA22B7805C00D3E3BC /* Main.storyboard in Resources */,
			);
			runOnlyForDeploymentPostprocessing = 0;
		};
		4407B2C322B7806100D3E3BC /* Resources */ = {
			isa = PBXResourcesBuildPhase;
			buildActionMask = 2147483647;
			files = (
			);
			runOnlyForDeploymentPostprocessing = 0;
		};
		4407B2CE22B7806100D3E3BC /* Resources */ = {
			isa = PBXResourcesBuildPhase;
			buildActionMask = 2147483647;
			files = (
			);
			runOnlyForDeploymentPostprocessing = 0;
		};
/* End PBXResourcesBuildPhase section */

/* Begin PBXSourcesBuildPhase section */
		4407B2AD22B7805C00D3E3BC /* Sources */ = {
			isa = PBXSourcesBuildPhase;
			buildActionMask = 2147483647;
			files = (
				4407B2E522B7823700D3E3BC /* PrimeNumbers.swift in Sources */,
				4407B2B722B7805C00D3E3BC /* ViewController.swift in Sources */,
				4407B2B522B7805C00D3E3BC /* AppDelegate.swift in Sources */,
			);
			runOnlyForDeploymentPostprocessing = 0;
		};
		4407B2C122B7806100D3E3BC /* Sources */ = {
			isa = PBXSourcesBuildPhase;
			buildActionMask = 2147483647;
			files = (
				4407B2E622B7823700D3E3BC /* PrimeNumbers.swift in Sources */,
				4407B2CA22B7806100D3E3BC /* DataStructureAndAlgorithm_iOSTests.swift in Sources */,
				4407B2E322B7818200D3E3BC /* PrimeNumberAndFactors.swift in Sources */,
			);
			runOnlyForDeploymentPostprocessing = 0;
		};
		4407B2CC22B7806100D3E3BC /* Sources */ = {
			isa = PBXSourcesBuildPhase;
			buildActionMask = 2147483647;
			files = (
				4407B2D522B7806100D3E3BC /* DataStructureAndAlgorithm_iOSUITests.swift in Sources */,
			);
			runOnlyForDeploymentPostprocessing = 0;
		};
/* End PBXSourcesBuildPhase section */

/* Begin PBXTargetDependency section */
		4407B2C722B7806100D3E3BC /* PBXTargetDependency */ = {
			isa = PBXTargetDependency;
			target = 4407B2B022B7805C00D3E3BC /* DataStructureAndAlgorithm_iOS */;
			targetProxy = 4407B2C622B7806100D3E3BC /* PBXContainerItemProxy */;
		};
		4407B2D222B7806100D3E3BC /* PBXTargetDependency */ = {
			isa = PBXTargetDependency;
			target = 4407B2B022B7805C00D3E3BC /* DataStructureAndAlgorithm_iOS */;
			targetProxy = 4407B2D122B7806100D3E3BC /* PBXContainerItemProxy */;
		};
/* End PBXTargetDependency section */

/* Begin PBXVariantGroup section */
		4407B2B822B7805C00D3E3BC /* Main.storyboard */ = {
			isa = PBXVariantGroup;
			children = (
				4407B2B922B7805C00D3E3BC /* Base */,
			);
			name = Main.storyboard;
			sourceTree = "<group>";
		};
		4407B2BD22B7806100D3E3BC /* LaunchScreen.storyboard */ = {
			isa = PBXVariantGroup;
			children = (
				4407B2BE22B7806100D3E3BC /* Base */,
			);
			name = LaunchScreen.storyboard;
			sourceTree = "<group>";
		};
/* End PBXVariantGroup section */

/* Begin XCBuildConfiguration section */
		4407B2D722B7806100D3E3BC /* Debug */ = {
			isa = XCBuildConfiguration;
			buildSettings = {
				ALWAYS_SEARCH_USER_PATHS = NO;
				CLANG_ANALYZER_NONNULL = YES;
				CLANG_ANALYZER_NUMBER_OBJECT_CONVERSION = YES_AGGRESSIVE;
				CLANG_CXX_LANGUAGE_STANDARD = "gnu++14";
				CLANG_CXX_LIBRARY = "libc++";
				CLANG_ENABLE_MODULES = YES;
				CLANG_ENABLE_OBJC_ARC = YES;
				CLANG_ENABLE_OBJC_WEAK = YES;
				CLANG_WARN_BLOCK_CAPTURE_AUTORELEASING = YES;
				CLANG_WARN_BOOL_CONVERSION = YES;
				CLANG_WARN_COMMA = YES;
				CLANG_WARN_CONSTANT_CONVERSION = YES;
				CLANG_WARN_DEPRECATED_OBJC_IMPLEMENTATIONS = YES;
				CLANG_WARN_DIRECT_OBJC_ISA_USAGE = YES_ERROR;
				CLANG_WARN_DOCUMENTATION_COMMENTS = YES;
				CLANG_WARN_EMPTY_BODY = YES;
				CLANG_WARN_ENUM_CONVERSION = YES;
				CLANG_WARN_INFINITE_RECURSION = YES;
				CLANG_WARN_INT_CONVERSION = YES;
				CLANG_WARN_NON_LITERAL_NULL_CONVERSION = YES;
				CLANG_WARN_OBJC_IMPLICIT_RETAIN_SELF = YES;
				CLANG_WARN_OBJC_LITERAL_CONVERSION = YES;
				CLANG_WARN_OBJC_ROOT_CLASS = YES_ERROR;
				CLANG_WARN_RANGE_LOOP_ANALYSIS = YES;
				CLANG_WARN_STRICT_PROTOTYPES = YES;
				CLANG_WARN_SUSPICIOUS_MOVE = YES;
				CLANG_WARN_UNGUARDED_AVAILABILITY = YES_AGGRESSIVE;
				CLANG_WARN_UNREACHABLE_CODE = YES;
				CLANG_WARN__DUPLICATE_METHOD_MATCH = YES;
				CODE_SIGN_IDENTITY = "iPhone Developer";
				COPY_PHASE_STRIP = NO;
				DEBUG_INFORMATION_FORMAT = dwarf;
				ENABLE_STRICT_OBJC_MSGSEND = YES;
				ENABLE_TESTABILITY = YES;
				GCC_C_LANGUAGE_STANDARD = gnu11;
				GCC_DYNAMIC_NO_PIC = NO;
				GCC_NO_COMMON_BLOCKS = YES;
				GCC_OPTIMIZATION_LEVEL = 0;
				GCC_PREPROCESSOR_DEFINITIONS = (
					"DEBUG=1",
					"$(inherited)",
				);
				GCC_WARN_64_TO_32_BIT_CONVERSION = YES;
				GCC_WARN_ABOUT_RETURN_TYPE = YES_ERROR;
				GCC_WARN_UNDECLARED_SELECTOR = YES;
				GCC_WARN_UNINITIALIZED_AUTOS = YES_AGGRESSIVE;
				GCC_WARN_UNUSED_FUNCTION = YES;
				GCC_WARN_UNUSED_VARIABLE = YES;
				IPHONEOS_DEPLOYMENT_TARGET = 12.1;
				MTL_ENABLE_DEBUG_INFO = INCLUDE_SOURCE;
				MTL_FAST_MATH = YES;
				ONLY_ACTIVE_ARCH = YES;
				SDKROOT = iphoneos;
				SWIFT_ACTIVE_COMPILATION_CONDITIONS = DEBUG;
				SWIFT_OPTIMIZATION_LEVEL = "-Onone";
			};
			name = Debug;
		};
		4407B2D822B7806100D3E3BC /* Release */ = {
			isa = XCBuildConfiguration;
			buildSettings = {
				ALWAYS_SEARCH_USER_PATHS = NO;
				CLANG_ANALYZER_NONNULL = YES;
				CLANG_ANALYZER_NUMBER_OBJECT_CONVERSION = YES_AGGRESSIVE;
				CLANG_CXX_LANGUAGE_STANDARD = "gnu++14";
				CLANG_CXX_LIBRARY = "libc++";
				CLANG_ENABLE_MODULES = YES;
				CLANG_ENABLE_OBJC_ARC = YES;
				CLANG_ENABLE_OBJC_WEAK = YES;
				CLANG_WARN_BLOCK_CAPTURE_AUTORELEASING = YES;
				CLANG_WARN_BOOL_CONVERSION = YES;
				CLANG_WARN_COMMA = YES;
				CLANG_WARN_CONSTANT_CONVERSION = YES;
				CLANG_WARN_DEPRECATED_OBJC_IMPLEMENTATIONS = YES;
				CLANG_WARN_DIRECT_OBJC_ISA_USAGE = YES_ERROR;
				CLANG_WARN_DOCUMENTATION_COMMENTS = YES;
				CLANG_WARN_EMPTY_BODY = YES;
				CLANG_WARN_ENUM_CONVERSION = YES;
				CLANG_WARN_INFINITE_RECURSION = YES;
				CLANG_WARN_INT_CONVERSION = YES;
				CLANG_WARN_NON_LITERAL_NULL_CONVERSION = YES;
				CLANG_WARN_OBJC_IMPLICIT_RETAIN_SELF = YES;
				CLANG_WARN_OBJC_LITERAL_CONVERSION = YES;
				CLANG_WARN_OBJC_ROOT_CLASS = YES_ERROR;
				CLANG_WARN_RANGE_LOOP_ANALYSIS = YES;
				CLANG_WARN_STRICT_PROTOTYPES = YES;
				CLANG_WARN_SUSPICIOUS_MOVE = YES;
				CLANG_WARN_UNGUARDED_AVAILABILITY = YES_AGGRESSIVE;
				CLANG_WARN_UNREACHABLE_CODE = YES;
				CLANG_WARN__DUPLICATE_METHOD_MATCH = YES;
				CODE_SIGN_IDENTITY = "iPhone Developer";
				COPY_PHASE_STRIP = NO;
				DEBUG_INFORMATION_FORMAT = "dwarf-with-dsym";
				ENABLE_NS_ASSERTIONS = NO;
				ENABLE_STRICT_OBJC_MSGSEND = YES;
				GCC_C_LANGUAGE_STANDARD = gnu11;
				GCC_NO_COMMON_BLOCKS = YES;
				GCC_WARN_64_TO_32_BIT_CONVERSION = YES;
				GCC_WARN_ABOUT_RETURN_TYPE = YES_ERROR;
				GCC_WARN_UNDECLARED_SELECTOR = YES;
				GCC_WARN_UNINITIALIZED_AUTOS = YES_AGGRESSIVE;
				GCC_WARN_UNUSED_FUNCTION = YES;
				GCC_WARN_UNUSED_VARIABLE = YES;
				IPHONEOS_DEPLOYMENT_TARGET = 12.1;
				MTL_ENABLE_DEBUG_INFO = NO;
				MTL_FAST_MATH = YES;
				SDKROOT = iphoneos;
				SWIFT_COMPILATION_MODE = wholemodule;
				SWIFT_OPTIMIZATION_LEVEL = "-O";
				VALIDATE_PRODUCT = YES;
			};
			name = Release;
		};
		4407B2DA22B7806100D3E3BC /* Debug */ = {
			isa = XCBuildConfiguration;
			buildSettings = {
				ASSETCATALOG_COMPILER_APPICON_NAME = AppIcon;
				CODE_SIGN_STYLE = Manual;
				DEVELOPMENT_TEAM = "";
				INFOPLIST_FILE = DataStructureAndAlgorithm_iOS/Info.plist;
				LD_RUNPATH_SEARCH_PATHS = (
					"$(inherited)",
					"@executable_path/Frameworks",
				);
				PRODUCT_BUNDLE_IDENTIFIER = "com.fishTheData.DataStructureAndAlgorithm-iOS";
				PRODUCT_NAME = "$(TARGET_NAME)";
				PROVISIONING_PROFILE_SPECIFIER = "";
				SWIFT_VERSION = 4.2;
				TARGETED_DEVICE_FAMILY = "1,2";
			};
			name = Debug;
		};
		4407B2DB22B7806100D3E3BC /* Release */ = {
			isa = XCBuildConfiguration;
			buildSettings = {
				ASSETCATALOG_COMPILER_APPICON_NAME = AppIcon;
				CODE_SIGN_STYLE = Manual;
				DEVELOPMENT_TEAM = "";
				INFOPLIST_FILE = DataStructureAndAlgorithm_iOS/Info.plist;
				LD_RUNPATH_SEARCH_PATHS = (
					"$(inherited)",
					"@executable_path/Frameworks",
				);
				PRODUCT_BUNDLE_IDENTIFIER = "com.fishTheData.DataStructureAndAlgorithm-iOS";
				PRODUCT_NAME = "$(TARGET_NAME)";
				PROVISIONING_PROFILE_SPECIFIER = "";
				SWIFT_VERSION = 4.2;
				TARGETED_DEVICE_FAMILY = "1,2";
			};
			name = Release;
		};
		4407B2DD22B7806100D3E3BC /* Debug */ = {
			isa = XCBuildConfiguration;
			buildSettings = {
				ALWAYS_EMBED_SWIFT_STANDARD_LIBRARIES = YES;
				BUNDLE_LOADER = "$(TEST_HOST)";
				CODE_SIGN_STYLE = Automatic;
				INFOPLIST_FILE = DataStructureAndAlgorithm_iOSTests/Info.plist;
				LD_RUNPATH_SEARCH_PATHS = (
					"$(inherited)",
					"@executable_path/Frameworks",
					"@loader_path/Frameworks",
				);
				PRODUCT_BUNDLE_IDENTIFIER = "com.fishTheData.DataStructureAndAlgorithm-iOSTests";
				PRODUCT_NAME = "$(TARGET_NAME)";
				SWIFT_VERSION = 4.2;
				TARGETED_DEVICE_FAMILY = "1,2";
				TEST_HOST = "$(BUILT_PRODUCTS_DIR)/DataStructureAndAlgorithm_iOS.app/DataStructureAndAlgorithm_iOS";
			};
			name = Debug;
		};
		4407B2DE22B7806100D3E3BC /* Release */ = {
			isa = XCBuildConfiguration;
			buildSettings = {
				ALWAYS_EMBED_SWIFT_STANDARD_LIBRARIES = YES;
				BUNDLE_LOADER = "$(TEST_HOST)";
				CODE_SIGN_STYLE = Automatic;
				INFOPLIST_FILE = DataStructureAndAlgorithm_iOSTests/Info.plist;
				LD_RUNPATH_SEARCH_PATHS = (
					"$(inherited)",
					"@executable_path/Frameworks",
					"@loader_path/Frameworks",
				);
				PRODUCT_BUNDLE_IDENTIFIER = "com.fishTheData.DataStructureAndAlgorithm-iOSTests";
				PRODUCT_NAME = "$(TARGET_NAME)";
				SWIFT_VERSION = 4.2;
				TARGETED_DEVICE_FAMILY = "1,2";
				TEST_HOST = "$(BUILT_PRODUCTS_DIR)/DataStructureAndAlgorithm_iOS.app/DataStructureAndAlgorithm_iOS";
			};
			name = Release;
		};
		4407B2E022B7806100D3E3BC /* Debug */ = {
			isa = XCBuildConfiguration;
			buildSettings = {
				ALWAYS_EMBED_SWIFT_STANDARD_LIBRARIES = YES;
				CODE_SIGN_STYLE = Automatic;
				INFOPLIST_FILE = DataStructureAndAlgorithm_iOSUITests/Info.plist;
				LD_RUNPATH_SEARCH_PATHS = (
					"$(inherited)",
					"@executable_path/Frameworks",
					"@loader_path/Frameworks",
				);
				PRODUCT_BUNDLE_IDENTIFIER = "com.fishTheData.DataStructureAndAlgorithm-iOSUITests";
				PRODUCT_NAME = "$(TARGET_NAME)";
				SWIFT_VERSION = 4.2;
				TARGETED_DEVICE_FAMILY = "1,2";
				TEST_TARGET_NAME = DataStructureAndAlgorithm_iOS;
			};
			name = Debug;
		};
		4407B2E122B7806100D3E3BC /* Release */ = {
			isa = XCBuildConfiguration;
			buildSettings = {
				ALWAYS_EMBED_SWIFT_STANDARD_LIBRARIES = YES;
				CODE_SIGN_STYLE = Automatic;
				INFOPLIST_FILE = DataStructureAndAlgorithm_iOSUITests/Info.plist;
				LD_RUNPATH_SEARCH_PATHS = (
					"$(inherited)",
					"@executable_path/Frameworks",
					"@loader_path/Frameworks",
				);
				PRODUCT_BUNDLE_IDENTIFIER = "com.fishTheData.DataStructureAndAlgorithm-iOSUITests";
				PRODUCT_NAME = "$(TARGET_NAME)";
				SWIFT_VERSION = 4.2;
				TARGETED_DEVICE_FAMILY = "1,2";
				TEST_TARGET_NAME = DataStructureAndAlgorithm_iOS;
			};
			name = Release;
		};
/* End XCBuildConfiguration section */

/* Begin XCConfigurationList section */
		4407B2AC22B7805C00D3E3BC /* Build configuration list for PBXProject "DataStructureAndAlgorithm_iOS" */ = {
			isa = XCConfigurationList;
			buildConfigurations = (
				4407B2D722B7806100D3E3BC /* Debug */,
				4407B2D822B7806100D3E3BC /* Release */,
			);
			defaultConfigurationIsVisible = 0;
			defaultConfigurationName = Release;
		};
		4407B2D922B7806100D3E3BC /* Build configuration list for PBXNativeTarget "DataStructureAndAlgorithm_iOS" */ = {
			isa = XCConfigurationList;
			buildConfigurations = (
				4407B2DA22B7806100D3E3BC /* Debug */,
				4407B2DB22B7806100D3E3BC /* Release */,
			);
			defaultConfigurationIsVisible = 0;
			defaultConfigurationName = Release;
		};
		4407B2DC22B7806100D3E3BC /* Build configuration list for PBXNativeTarget "DataStructureAndAlgorithm_iOSTests" */ = {
			isa = XCConfigurationList;
			buildConfigurations = (
				4407B2DD22B7806100D3E3BC /* Debug */,
				4407B2DE22B7806100D3E3BC /* Release */,
			);
			defaultConfigurationIsVisible = 0;
			defaultConfigurationName = Release;
		};
		4407B2DF22B7806100D3E3BC /* Build configuration list for PBXNativeTarget "DataStructureAndAlgorithm_iOSUITests" */ = {
			isa = XCConfigurationList;
			buildConfigurations = (
				4407B2E022B7806100D3E3BC /* Debug */,
				4407B2E122B7806100D3E3BC /* Release */,
			);
			defaultConfigurationIsVisible = 0;
			defaultConfigurationName = Release;
		};
/* End XCConfigurationList section */
	};
	rootObject = 4407B2A922B7805C00D3E3BC /* Project object */;
}
